// !$*UTF8*$!
{
	archiveVersion = 1;
	classes = {
	};
	objectVersion = 46;
	objects = {

/* Begin PBXBuildFile section */
		AD96B1D71EF21DE300773417 /* main.m in Sources */ = {isa = PBXBuildFile; fileRef = AD96B1D61EF21DE300773417 /* main.m */; };
		AD96B1DA1EF21DE300773417 /* AppDelegate.m in Sources */ = {isa = PBXBuildFile; fileRef = AD96B1D91EF21DE300773417 /* AppDelegate.m */; };
		AD96B1DD1EF21DE300773417 /* ViewController.m in Sources */ = {isa = PBXBuildFile; fileRef = AD96B1DC1EF21DE300773417 /* ViewController.m */; };
		AD96B1E01EF21DE300773417 /* Main.storyboard in Resources */ = {isa = PBXBuildFile; fileRef = AD96B1DE1EF21DE300773417 /* Main.storyboard */; };
		AD96B1E21EF21DE300773417 /* Assets.xcassets in Resources */ = {isa = PBXBuildFile; fileRef = AD96B1E11EF21DE300773417 /* Assets.xcassets */; };
		AD96B1E51EF21DE300773417 /* LaunchScreen.storyboard in Resources */ = {isa = PBXBuildFile; fileRef = AD96B1E31EF21DE300773417 /* LaunchScreen.storyboard */; };
		AD96B20B1EF2212000773417 /* Localizable.strings in Resources */ = {isa = PBXBuildFile; fileRef = AD96B1ED1EF2212000773417 /* Localizable.strings */; };
		AD96B20C1EF2212000773417 /* Classroom.png in Resources */ = {isa = PBXBuildFile; fileRef = AD96B1F11EF2212000773417 /* Classroom.png */; };
		AD96B20D1EF2212000773417 /* friends.png in Resources */ = {isa = PBXBuildFile; fileRef = AD96B1F21EF2212000773417 /* friends.png */; };
		AD96B20E1EF2212000773417 /* group.png in Resources */ = {isa = PBXBuildFile; fileRef = AD96B1F31EF2212000773417 /* group.png */; };
		AD96B20F1EF2212000773417 /* icon.png in Resources */ = {isa = PBXBuildFile; fileRef = AD96B1F41EF2212000773417 /* icon.png */; };
		AD96B2101EF2212000773417 /* kinsman.png in Resources */ = {isa = PBXBuildFile; fileRef = AD96B1F51EF2212000773417 /* kinsman.png */; };
		AD96B2111EF2212000773417 /* staff.png in Resources */ = {isa = PBXBuildFile; fileRef = AD96B1F61EF2212000773417 /* staff.png */; };
		AD96B2121EF2212000773417 /* students.png in Resources */ = {isa = PBXBuildFile; fileRef = AD96B1F71EF2212000773417 /* students.png */; };
		AD96B2131EF2212000773417 /* female.png in Resources */ = {isa = PBXBuildFile; fileRef = AD96B1F91EF2212000773417 /* female.png */; };
		AD96B2141EF2212000773417 /* male.png in Resources */ = {isa = PBXBuildFile; fileRef = AD96B1FA1EF2212000773417 /* male.png */; };
		AD96B2151EF2212000773417 /* search.jpg in Resources */ = {isa = PBXBuildFile; fileRef = AD96B1FB1EF2212000773417 /* search.jpg */; };
		AD96B2161EF2212000773417 /* staffFemale.png in Resources */ = {isa = PBXBuildFile; fileRef = AD96B1FC1EF2212000773417 /* staffFemale.png */; };
		AD96B2171EF2212000773417 /* staffmale.png in Resources */ = {isa = PBXBuildFile; fileRef = AD96B1FD1EF2212000773417 /* staffmale.png */; };
		AD96B2181EF2212000773417 /* add.png in Resources */ = {isa = PBXBuildFile; fileRef = AD96B1FF1EF2212000773417 /* add.png */; };
		AD96B2191EF2212000773417 /* delete.png in Resources */ = {isa = PBXBuildFile; fileRef = AD96B2001EF2212000773417 /* delete.png */; };
		AD96B21A1EF2212000773417 /* drag.png in Resources */ = {isa = PBXBuildFile; fileRef = AD96B2011EF2212000773417 /* drag.png */; };
		AD96B21B1EF2212000773417 /* editInfo.png in Resources */ = {isa = PBXBuildFile; fileRef = AD96B2021EF2212000773417 /* editInfo.png */; };
		AD96B21C1EF2212000773417 /* more.jpg in Resources */ = {isa = PBXBuildFile; fileRef = AD96B2031EF2212000773417 /* more.jpg */; };
		AD96B21D1EF2212000773417 /* ok.png in Resources */ = {isa = PBXBuildFile; fileRef = AD96B2041EF2212000773417 /* ok.png */; };
		AD96B21E1EF2212000773417 /* rightArray.png in Resources */ = {isa = PBXBuildFile; fileRef = AD96B2051EF2212000773417 /* rightArray.png */; };
		AD96B21F1EF2212000773417 /* setting.png in Resources */ = {isa = PBXBuildFile; fileRef = AD96B2061EF2212000773417 /* setting.png */; };
		AD96B2201EF2212000773417 /* WX.JPG in Resources */ = {isa = PBXBuildFile; fileRef = AD96B2081EF2212000773417 /* WX.JPG */; };
		AD96B2211EF2212000773417 /* zfb.JPG in Resources */ = {isa = PBXBuildFile; fileRef = AD96B2091EF2212000773417 /* zfb.JPG */; };
		AD96B2531EF2214900773417 /* databaseTool.m in Sources */ = {isa = PBXBuildFile; fileRef = AD96B2251EF2214900773417 /* databaseTool.m */; };
		AD96B2541EF2214900773417 /* Tools.swift in Sources */ = {isa = PBXBuildFile; fileRef = AD96B2271EF2214900773417 /* Tools.swift */; };
		AD96B2551EF2214900773417 /* userData.m in Sources */ = {isa = PBXBuildFile; fileRef = AD96B2291EF2214900773417 /* userData.m */; };
		AD96B2561EF2214900773417 /* CCZSpreadButton.m in Sources */ = {isa = PBXBuildFile; fileRef = AD96B22E1EF2214900773417 /* CCZSpreadButton.m */; };
		AD96B2571EF2214900773417 /* CCZSpreadComponentry.m in Sources */ = {isa = PBXBuildFile; fileRef = AD96B2301EF2214900773417 /* CCZSpreadComponentry.m */; };
		AD96B2581EF2214900773417 /* contactTools.swift in Sources */ = {isa = PBXBuildFile; fileRef = AD96B2321EF2214900773417 /* contactTools.swift */; };
		AD96B2591EF2214900773417 /* LogicTools.swift in Sources */ = {isa = PBXBuildFile; fileRef = AD96B2331EF2214900773417 /* LogicTools.swift */; };
		AD96B25A1EF2214900773417 /* AllGroupVC.swift in Sources */ = {isa = PBXBuildFile; fileRef = AD96B2361EF2214900773417 /* AllGroupVC.swift */; };
		AD96B25B1EF2214900773417 /* AllGroupVC.xib in Resources */ = {isa = PBXBuildFile; fileRef = AD96B2371EF2214900773417 /* AllGroupVC.xib */; };
		AD96B25C1EF2214900773417 /* EditInfoVC.swift in Sources */ = {isa = PBXBuildFile; fileRef = AD96B2381EF2214900773417 /* EditInfoVC.swift */; };
		AD96B25D1EF2214900773417 /* EditInfoVC.xib in Resources */ = {isa = PBXBuildFile; fileRef = AD96B2391EF2214900773417 /* EditInfoVC.xib */; };
		AD96B25E1EF2214900773417 /* newGroupVC.swift in Sources */ = {isa = PBXBuildFile; fileRef = AD96B23A1EF2214900773417 /* newGroupVC.swift */; };
		AD96B25F1EF2214900773417 /* newGroupVC.xib in Resources */ = {isa = PBXBuildFile; fileRef = AD96B23B1EF2214900773417 /* newGroupVC.xib */; };
		AD96B2601EF2214900773417 /* PayVC.swift in Sources */ = {isa = PBXBuildFile; fileRef = AD96B23C1EF2214900773417 /* PayVC.swift */; };
		AD96B2611EF2214900773417 /* dragView.m in Sources */ = {isa = PBXBuildFile; fileRef = AD96B23F1EF2214900773417 /* dragView.m */; };
		AD96B2621EF2214900773417 /* headImg.m in Sources */ = {isa = PBXBuildFile; fileRef = AD96B2421EF2214900773417 /* headImg.m */; };
		AD96B2631EF2214900773417 /* NameButton.m in Sources */ = {isa = PBXBuildFile; fileRef = AD96B2441EF2214900773417 /* NameButton.m */; };
		AD96B2651EF2214900773417 /* NameInfoBar.swift in Sources */ = {isa = PBXBuildFile; fileRef = AD96B2461EF2214900773417 /* NameInfoBar.swift */; };
		AD96B2661EF2214900773417 /* NameInfoBar.xib in Resources */ = {isa = PBXBuildFile; fileRef = AD96B2471EF2214900773417 /* NameInfoBar.xib */; };
		AD96B2671EF2214900773417 /* popView.m in Sources */ = {isa = PBXBuildFile; fileRef = AD96B2491EF2214900773417 /* popView.m */; };
		AD96B2691EF2214900773417 /* zwqFileList.m in Sources */ = {isa = PBXBuildFile; fileRef = AD96B24C1EF2214900773417 /* zwqFileList.m */; };
		AD96B26A1EF2214900773417 /* ZwqScrollArea.m in Sources */ = {isa = PBXBuildFile; fileRef = AD96B24E1EF2214900773417 /* ZwqScrollArea.m */; };
		AD96B26B1EF2214900773417 /* ZwqStaffArea.m in Sources */ = {isa = PBXBuildFile; fileRef = AD96B2501EF2214900773417 /* ZwqStaffArea.m */; };
		AD96B26C1EF2214900773417 /* ZwqTools.m in Sources */ = {isa = PBXBuildFile; fileRef = AD96B2521EF2214900773417 /* ZwqTools.m */; };
		AD96B2741EF2329B00773417 /* libsqlite3.tbd in Frameworks */ = {isa = PBXBuildFile; fileRef = AD96B2731EF2329B00773417 /* libsqlite3.tbd */; };
/* End PBXBuildFile section */

/* Begin PBXFileReference section */
		AD96B1D21EF21DE300773417 /* nameMap.app */ = {isa = PBXFileReference; explicitFileType = wrapper.application; includeInIndex = 0; path = nameMap.app; sourceTree = BUILT_PRODUCTS_DIR; };
		AD96B1D61EF21DE300773417 /* main.m */ = {isa = PBXFileReference; lastKnownFileType = sourcecode.c.objc; path = main.m; sourceTree = "<group>"; };
		AD96B1D81EF21DE300773417 /* AppDelegate.h */ = {isa = PBXFileReference; lastKnownFileType = sourcecode.c.h; path = AppDelegate.h; sourceTree = "<group>"; };
		AD96B1D91EF21DE300773417 /* AppDelegate.m */ = {isa = PBXFileReference; lastKnownFileType = sourcecode.c.objc; path = AppDelegate.m; sourceTree = "<group>"; };
		AD96B1DB1EF21DE300773417 /* ViewController.h */ = {isa = PBXFileReference; lastKnownFileType = sourcecode.c.h; path = ViewController.h; sourceTree = "<group>"; };
		AD96B1DC1EF21DE300773417 /* ViewController.m */ = {isa = PBXFileReference; lastKnownFileType = sourcecode.c.objc; path = ViewController.m; sourceTree = "<group>"; };
		AD96B1DF1EF21DE300773417 /* Base */ = {isa = PBXFileReference; lastKnownFileType = file.storyboard; name = Base; path = Base.lproj/Main.storyboard; sourceTree = "<group>"; };
		AD96B1E11EF21DE300773417 /* Assets.xcassets */ = {isa = PBXFileReference; lastKnownFileType = folder.assetcatalog; path = Assets.xcassets; sourceTree = "<group>"; };
		AD96B1E41EF21DE300773417 /* Base */ = {isa = PBXFileReference; lastKnownFileType = file.storyboard; name = Base; path = Base.lproj/LaunchScreen.storyboard; sourceTree = "<group>"; };
		AD96B1E61EF21DE300773417 /* Info.plist */ = {isa = PBXFileReference; lastKnownFileType = text.plist.xml; path = Info.plist; sourceTree = "<group>"; };
		AD96B1EE1EF2212000773417 /* en */ = {isa = PBXFileReference; lastKnownFileType = text.plist.strings; name = en; path = en.lproj/Localizable.strings; sourceTree = "<group>"; };
		AD96B1F11EF2212000773417 /* Classroom.png */ = {isa = PBXFileReference; lastKnownFileType = image.png; path = Classroom.png; sourceTree = "<group>"; };
		AD96B1F21EF2212000773417 /* friends.png */ = {isa = PBXFileReference; lastKnownFileType = image.png; path = friends.png; sourceTree = "<group>"; };
		AD96B1F31EF2212000773417 /* group.png */ = {isa = PBXFileReference; lastKnownFileType = image.png; path = group.png; sourceTree = "<group>"; };
		AD96B1F41EF2212000773417 /* icon.png */ = {isa = PBXFileReference; lastKnownFileType = image.png; path = icon.png; sourceTree = "<group>"; };
		AD96B1F51EF2212000773417 /* kinsman.png */ = {isa = PBXFileReference; lastKnownFileType = image.png; path = kinsman.png; sourceTree = "<group>"; };
		AD96B1F61EF2212000773417 /* staff.png */ = {isa = PBXFileReference; lastKnownFileType = image.png; path = staff.png; sourceTree = "<group>"; };
		AD96B1F71EF2212000773417 /* students.png */ = {isa = PBXFileReference; lastKnownFileType = image.png; path = students.png; sourceTree = "<group>"; };
		AD96B1F91EF2212000773417 /* female.png */ = {isa = PBXFileReference; lastKnownFileType = image.png; path = female.png; sourceTree = "<group>"; };
		AD96B1FA1EF2212000773417 /* male.png */ = {isa = PBXFileReference; lastKnownFileType = image.png; path = male.png; sourceTree = "<group>"; };
		AD96B1FB1EF2212000773417 /* search.jpg */ = {isa = PBXFileReference; lastKnownFileType = image.jpeg; path = search.jpg; sourceTree = "<group>"; };
		AD96B1FC1EF2212000773417 /* staffFemale.png */ = {isa = PBXFileReference; lastKnownFileType = image.png; path = staffFemale.png; sourceTree = "<group>"; };
		AD96B1FD1EF2212000773417 /* staffmale.png */ = {isa = PBXFileReference; lastKnownFileType = image.png; path = staffmale.png; sourceTree = "<group>"; };
		AD96B1FF1EF2212000773417 /* add.png */ = {isa = PBXFileReference; lastKnownFileType = image.png; path = add.png; sourceTree = "<group>"; };
		AD96B2001EF2212000773417 /* delete.png */ = {isa = PBXFileReference; lastKnownFileType = image.png; path = delete.png; sourceTree = "<group>"; };
		AD96B2011EF2212000773417 /* drag.png */ = {isa = PBXFileReference; lastKnownFileType = image.png; path = drag.png; sourceTree = "<group>"; };
		AD96B2021EF2212000773417 /* editInfo.png */ = {isa = PBXFileReference; lastKnownFileType = image.png; path = editInfo.png; sourceTree = "<group>"; };
		AD96B2031EF2212000773417 /* more.jpg */ = {isa = PBXFileReference; lastKnownFileType = image.jpeg; path = more.jpg; sourceTree = "<group>"; };
		AD96B2041EF2212000773417 /* ok.png */ = {isa = PBXFileReference; lastKnownFileType = image.png; path = ok.png; sourceTree = "<group>"; };
		AD96B2051EF2212000773417 /* rightArray.png */ = {isa = PBXFileReference; lastKnownFileType = image.png; path = rightArray.png; sourceTree = "<group>"; };
		AD96B2061EF2212000773417 /* setting.png */ = {isa = PBXFileReference; lastKnownFileType = image.png; path = setting.png; sourceTree = "<group>"; };
		AD96B2081EF2212000773417 /* WX.JPG */ = {isa = PBXFileReference; lastKnownFileType = image.jpeg; path = WX.JPG; sourceTree = "<group>"; };
		AD96B2091EF2212000773417 /* zfb.JPG */ = {isa = PBXFileReference; lastKnownFileType = image.jpeg; path = zfb.JPG; sourceTree = "<group>"; };
		AD96B20A1EF2212000773417 /* zh-Hans */ = {isa = PBXFileReference; lastKnownFileType = text.plist.strings; name = "zh-Hans"; path = "zh-Hans.lproj/Localizable.strings"; sourceTree = "<group>"; };
		AD96B2241EF2214900773417 /* databaseTool.h */ = {isa = PBXFileReference; fileEncoding = 4; lastKnownFileType = sourcecode.c.h; path = databaseTool.h; sourceTree = "<group>"; };
		AD96B2251EF2214900773417 /* databaseTool.m */ = {isa = PBXFileReference; fileEncoding = 4; lastKnownFileType = sourcecode.c.objc; path = databaseTool.m; sourceTree = "<group>"; };
		AD96B2261EF2214900773417 /* nameMap-Bridging-Header.h */ = {isa = PBXFileReference; fileEncoding = 4; lastKnownFileType = sourcecode.c.h; path = "nameMap-Bridging-Header.h"; sourceTree = "<group>"; };
		AD96B2271EF2214900773417 /* Tools.swift */ = {isa = PBXFileReference; fileEncoding = 4; lastKnownFileType = sourcecode.swift; path = Tools.swift; sourceTree = "<group>"; };
		AD96B2281EF2214900773417 /* userData.h */ = {isa = PBXFileReference; fileEncoding = 4; lastKnownFileType = sourcecode.c.h; path = userData.h; sourceTree = "<group>"; };
		AD96B2291EF2214900773417 /* userData.m */ = {isa = PBXFileReference; fileEncoding = 4; lastKnownFileType = sourcecode.c.objc; path = userData.m; sourceTree = "<group>"; };
		AD96B22D1EF2214900773417 /* CCZSpreadButton.h */ = {isa = PBXFileReference; fileEncoding = 4; lastKnownFileType = sourcecode.c.h; path = CCZSpreadButton.h; sourceTree = "<group>"; };
		AD96B22E1EF2214900773417 /* CCZSpreadButton.m */ = {isa = PBXFileReference; fileEncoding = 4; lastKnownFileType = sourcecode.c.objc; path = CCZSpreadButton.m; sourceTree = "<group>"; };
		AD96B22F1EF2214900773417 /* CCZSpreadComponentry.h */ = {isa = PBXFileReference; fileEncoding = 4; lastKnownFileType = sourcecode.c.h; path = CCZSpreadComponentry.h; sourceTree = "<group>"; };
		AD96B2301EF2214900773417 /* CCZSpreadComponentry.m */ = {isa = PBXFileReference; fileEncoding = 4; lastKnownFileType = sourcecode.c.objc; path = CCZSpreadComponentry.m; sourceTree = "<group>"; };
		AD96B2321EF2214900773417 /* contactTools.swift */ = {isa = PBXFileReference; fileEncoding = 4; lastKnownFileType = sourcecode.swift; path = contactTools.swift; sourceTree = "<group>"; };
		AD96B2331EF2214900773417 /* LogicTools.swift */ = {isa = PBXFileReference; fileEncoding = 4; lastKnownFileType = sourcecode.swift; path = LogicTools.swift; sourceTree = "<group>"; };
		AD96B2361EF2214900773417 /* AllGroupVC.swift */ = {isa = PBXFileReference; fileEncoding = 4; lastKnownFileType = sourcecode.swift; path = AllGroupVC.swift; sourceTree = "<group>"; };
		AD96B2371EF2214900773417 /* AllGroupVC.xib */ = {isa = PBXFileReference; fileEncoding = 4; lastKnownFileType = file.xib; path = AllGroupVC.xib; sourceTree = "<group>"; };
		AD96B2381EF2214900773417 /* EditInfoVC.swift */ = {isa = PBXFileReference; fileEncoding = 4; lastKnownFileType = sourcecode.swift; path = EditInfoVC.swift; sourceTree = "<group>"; };
		AD96B2391EF2214900773417 /* EditInfoVC.xib */ = {isa = PBXFileReference; fileEncoding = 4; lastKnownFileType = file.xib; path = EditInfoVC.xib; sourceTree = "<group>"; };
		AD96B23A1EF2214900773417 /* newGroupVC.swift */ = {isa = PBXFileReference; fileEncoding = 4; lastKnownFileType = sourcecode.swift; path = newGroupVC.swift; sourceTree = "<group>"; };
		AD96B23B1EF2214900773417 /* newGroupVC.xib */ = {isa = PBXFileReference; fileEncoding = 4; lastKnownFileType = file.xib; path = newGroupVC.xib; sourceTree = "<group>"; };
		AD96B23C1EF2214900773417 /* PayVC.swift */ = {isa = PBXFileReference; fileEncoding = 4; lastKnownFileType = sourcecode.swift; path = PayVC.swift; sourceTree = "<group>"; };
		AD96B23E1EF2214900773417 /* dragView.h */ = {isa = PBXFileReference; fileEncoding = 4; lastKnownFileType = sourcecode.c.h; path = dragView.h; sourceTree = "<group>"; };
		AD96B23F1EF2214900773417 /* dragView.m */ = {isa = PBXFileReference; fileEncoding = 4; lastKnownFileType = sourcecode.c.objc; path = dragView.m; sourceTree = "<group>"; };
		AD96B2411EF2214900773417 /* headImg.h */ = {isa = PBXFileReference; fileEncoding = 4; lastKnownFileType = sourcecode.c.h; path = headImg.h; sourceTree = "<group>"; };
		AD96B2421EF2214900773417 /* headImg.m */ = {isa = PBXFileReference; fileEncoding = 4; lastKnownFileType = sourcecode.c.objc; path = headImg.m; sourceTree = "<group>"; };
		AD96B2431EF2214900773417 /* NameButton.h */ = {isa = PBXFileReference; fileEncoding = 4; lastKnownFileType = sourcecode.c.h; path = NameButton.h; sourceTree = "<group>"; };
		AD96B2441EF2214900773417 /* NameButton.m */ = {isa = PBXFileReference; fileEncoding = 4; lastKnownFileType = sourcecode.c.objc; path = NameButton.m; sourceTree = "<group>"; };
		AD96B2461EF2214900773417 /* NameInfoBar.swift */ = {isa = PBXFileReference; fileEncoding = 4; lastKnownFileType = sourcecode.swift; path = NameInfoBar.swift; sourceTree = "<group>"; };
		AD96B2471EF2214900773417 /* NameInfoBar.xib */ = {isa = PBXFileReference; fileEncoding = 4; lastKnownFileType = file.xib; path = NameInfoBar.xib; sourceTree = "<group>"; };
		AD96B2481EF2214900773417 /* popView.h */ = {isa = PBXFileReference; fileEncoding = 4; lastKnownFileType = sourcecode.c.h; path = popView.h; sourceTree = "<group>"; };
		AD96B2491EF2214900773417 /* popView.m */ = {isa = PBXFileReference; fileEncoding = 4; lastKnownFileType = sourcecode.c.objc; path = popView.m; sourceTree = "<group>"; };
		AD96B24B1EF2214900773417 /* zwqFileList.h */ = {isa = PBXFileReference; fileEncoding = 4; lastKnownFileType = sourcecode.c.h; path = zwqFileList.h; sourceTree = "<group>"; };
		AD96B24C1EF2214900773417 /* zwqFileList.m */ = {isa = PBXFileReference; fileEncoding = 4; lastKnownFileType = sourcecode.c.objc; path = zwqFileList.m; sourceTree = "<group>"; };
		AD96B24D1EF2214900773417 /* ZwqScrollArea.h */ = {isa = PBXFileReference; fileEncoding = 4; lastKnownFileType = sourcecode.c.h; path = ZwqScrollArea.h; sourceTree = "<group>"; };
		AD96B24E1EF2214900773417 /* ZwqScrollArea.m */ = {isa = PBXFileReference; fileEncoding = 4; lastKnownFileType = sourcecode.c.objc; path = ZwqScrollArea.m; sourceTree = "<group>"; };
		AD96B24F1EF2214900773417 /* ZwqStaffArea.h */ = {isa = PBXFileReference; fileEncoding = 4; lastKnownFileType = sourcecode.c.h; path = ZwqStaffArea.h; sourceTree = "<group>"; };
		AD96B2501EF2214900773417 /* ZwqStaffArea.m */ = {isa = PBXFileReference; fileEncoding = 4; lastKnownFileType = sourcecode.c.objc; path = ZwqStaffArea.m; sourceTree = "<group>"; };
		AD96B2511EF2214900773417 /* ZwqTools.h */ = {isa = PBXFileReference; fileEncoding = 4; lastKnownFileType = sourcecode.c.h; path = ZwqTools.h; sourceTree = "<group>"; };
		AD96B2521EF2214900773417 /* ZwqTools.m */ = {isa = PBXFileReference; fileEncoding = 4; lastKnownFileType = sourcecode.c.objc; path = ZwqTools.m; sourceTree = "<group>"; };
		AD96B26F1EF22AD100773417 /* PrefixHeader.pch */ = {isa = PBXFileReference; fileEncoding = 4; lastKnownFileType = sourcecode.c.h; path = PrefixHeader.pch; sourceTree = "<group>"; };
		AD96B2731EF2329B00773417 /* libsqlite3.tbd */ = {isa = PBXFileReference; lastKnownFileType = "sourcecode.text-based-dylib-definition"; name = libsqlite3.tbd; path = usr/lib/libsqlite3.tbd; sourceTree = SDKROOT; };
/* End PBXFileReference section */

/* Begin PBXFrameworksBuildPhase section */
		AD96B1CF1EF21DE300773417 /* Frameworks */ = {
			isa = PBXFrameworksBuildPhase;
			buildActionMask = 2147483647;
			files = (
				AD96B2741EF2329B00773417 /* libsqlite3.tbd in Frameworks */,
			);
			runOnlyForDeploymentPostprocessing = 0;
		};
/* End PBXFrameworksBuildPhase section */

/* Begin PBXGroup section */
		AD96B1C91EF21DE300773417 = {
			isa = PBXGroup;
			children = (
				AD96B1EC1EF2212000773417 /* resource */,
				AD96B1D41EF21DE300773417 /* nameMap */,
				AD96B1D31EF21DE300773417 /* Products */,
				AD96B2721EF2329B00773417 /* Frameworks */,
			);
			sourceTree = "<group>";
		};
		AD96B1D31EF21DE300773417 /* Products */ = {
			isa = PBXGroup;
			children = (
				AD96B1D21EF21DE300773417 /* nameMap.app */,
			);
			name = Products;
			sourceTree = "<group>";
		};
		AD96B1D41EF21DE300773417 /* nameMap */ = {
			isa = PBXGroup;
			children = (
				AD96B2221EF2214900773417 /* globalClass */,
				AD96B22A1EF2214900773417 /* third */,
				AD96B2311EF2214900773417 /* Tools */,
				AD96B2341EF2214900773417 /* ZwqClass */,
				AD96B1D81EF21DE300773417 /* AppDelegate.h */,
				AD96B1D91EF21DE300773417 /* AppDelegate.m */,
				AD96B1DB1EF21DE300773417 /* ViewController.h */,
				AD96B1DC1EF21DE300773417 /* ViewController.m */,
				AD96B1DE1EF21DE300773417 /* Main.storyboard */,
				AD96B1E11EF21DE300773417 /* Assets.xcassets */,
				AD96B1E31EF21DE300773417 /* LaunchScreen.storyboard */,
				AD96B1E61EF21DE300773417 /* Info.plist */,
				AD96B1D51EF21DE300773417 /* Supporting Files */,
			);
			path = nameMap;
			sourceTree = "<group>";
		};
		AD96B1D51EF21DE300773417 /* Supporting Files */ = {
			isa = PBXGroup;
			children = (
				AD96B26F1EF22AD100773417 /* PrefixHeader.pch */,
				AD96B1D61EF21DE300773417 /* main.m */,
			);
			name = "Supporting Files";
			sourceTree = "<group>";
		};
		AD96B1EC1EF2212000773417 /* resource */ = {
			isa = PBXGroup;
			children = (
				AD96B1ED1EF2212000773417 /* Localizable.strings */,
				AD96B1EF1EF2212000773417 /* icon */,
			);
			path = resource;
			sourceTree = "<group>";
		};
		AD96B1EF1EF2212000773417 /* icon */ = {
			isa = PBXGroup;
			children = (
				AD96B1F01EF2212000773417 /* groupIcon */,
				AD96B1F81EF2212000773417 /* headicon */,
				AD96B1FE1EF2212000773417 /* icon */,
				AD96B2071EF2212000773417 /* pay */,
			);
			path = icon;
			sourceTree = "<group>";
		};
		AD96B1F01EF2212000773417 /* groupIcon */ = {
			isa = PBXGroup;
			children = (
				AD96B1F11EF2212000773417 /* Classroom.png */,
				AD96B1F21EF2212000773417 /* friends.png */,
				AD96B1F31EF2212000773417 /* group.png */,
				AD96B1F41EF2212000773417 /* icon.png */,
				AD96B1F51EF2212000773417 /* kinsman.png */,
				AD96B1F61EF2212000773417 /* staff.png */,
				AD96B1F71EF2212000773417 /* students.png */,
			);
			path = groupIcon;
			sourceTree = "<group>";
		};
		AD96B1F81EF2212000773417 /* headicon */ = {
			isa = PBXGroup;
			children = (
				AD96B1F91EF2212000773417 /* female.png */,
				AD96B1FA1EF2212000773417 /* male.png */,
				AD96B1FB1EF2212000773417 /* search.jpg */,
				AD96B1FC1EF2212000773417 /* staffFemale.png */,
				AD96B1FD1EF2212000773417 /* staffmale.png */,
			);
			path = headicon;
			sourceTree = "<group>";
		};
		AD96B1FE1EF2212000773417 /* icon */ = {
			isa = PBXGroup;
			children = (
				AD96B1FF1EF2212000773417 /* add.png */,
				AD96B2001EF2212000773417 /* delete.png */,
				AD96B2011EF2212000773417 /* drag.png */,
				AD96B2021EF2212000773417 /* editInfo.png */,
				AD96B2031EF2212000773417 /* more.jpg */,
				AD96B2041EF2212000773417 /* ok.png */,
				AD96B2051EF2212000773417 /* rightArray.png */,
				AD96B2061EF2212000773417 /* setting.png */,
			);
			path = icon;
			sourceTree = "<group>";
		};
		AD96B2071EF2212000773417 /* pay */ = {
			isa = PBXGroup;
			children = (
				AD96B2081EF2212000773417 /* WX.JPG */,
				AD96B2091EF2212000773417 /* zfb.JPG */,
			);
			path = pay;
			sourceTree = "<group>";
		};
		AD96B2221EF2214900773417 /* globalClass */ = {
			isa = PBXGroup;
			children = (
				AD96B2231EF2214900773417 /* database */,
				AD96B2261EF2214900773417 /* nameMap-Bridging-Header.h */,
				AD96B2271EF2214900773417 /* Tools.swift */,
				AD96B2281EF2214900773417 /* userData.h */,
				AD96B2291EF2214900773417 /* userData.m */,
			);
			path = globalClass;
			sourceTree = "<group>";
		};
		AD96B2231EF2214900773417 /* database */ = {
			isa = PBXGroup;
			children = (
				AD96B2241EF2214900773417 /* databaseTool.h */,
				AD96B2251EF2214900773417 /* databaseTool.m */,
			);
			path = database;
			sourceTree = "<group>";
		};
		AD96B22A1EF2214900773417 /* third */ = {
			isa = PBXGroup;
			children = (
				AD96B22B1EF2214900773417 /* view */,
			);
			path = third;
			sourceTree = "<group>";
		};
		AD96B22B1EF2214900773417 /* view */ = {
			isa = PBXGroup;
			children = (
				AD96B22C1EF2214900773417 /* CCZSpreadButton */,
			);
			path = view;
			sourceTree = "<group>";
		};
		AD96B22C1EF2214900773417 /* CCZSpreadButton */ = {
			isa = PBXGroup;
			children = (
				AD96B22D1EF2214900773417 /* CCZSpreadButton.h */,
				AD96B22E1EF2214900773417 /* CCZSpreadButton.m */,
				AD96B22F1EF2214900773417 /* CCZSpreadComponentry.h */,
				AD96B2301EF2214900773417 /* CCZSpreadComponentry.m */,
			);
			path = CCZSpreadButton;
			sourceTree = "<group>";
		};
		AD96B2311EF2214900773417 /* Tools */ = {
			isa = PBXGroup;
			children = (
				AD96B2321EF2214900773417 /* contactTools.swift */,
				AD96B2331EF2214900773417 /* LogicTools.swift */,
			);
			path = Tools;
			sourceTree = "<group>";
		};
		AD96B2341EF2214900773417 /* ZwqClass */ = {
			isa = PBXGroup;
			children = (
				AD96B2351EF2214900773417 /* controller */,
				AD96B23D1EF2214900773417 /* view */,
				AD96B24B1EF2214900773417 /* zwqFileList.h */,
				AD96B24C1EF2214900773417 /* zwqFileList.m */,
				AD96B24D1EF2214900773417 /* ZwqScrollArea.h */,
				AD96B24E1EF2214900773417 /* ZwqScrollArea.m */,
				AD96B24F1EF2214900773417 /* ZwqStaffArea.h */,
				AD96B2501EF2214900773417 /* ZwqStaffArea.m */,
				AD96B2511EF2214900773417 /* ZwqTools.h */,
				AD96B2521EF2214900773417 /* ZwqTools.m */,
			);
			path = ZwqClass;
			sourceTree = "<group>";
		};
		AD96B2351EF2214900773417 /* controller */ = {
			isa = PBXGroup;
			children = (
				AD96B2361EF2214900773417 /* AllGroupVC.swift */,
				AD96B2371EF2214900773417 /* AllGroupVC.xib */,
				AD96B2381EF2214900773417 /* EditInfoVC.swift */,
				AD96B2391EF2214900773417 /* EditInfoVC.xib */,
				AD96B23A1EF2214900773417 /* newGroupVC.swift */,
				AD96B23B1EF2214900773417 /* newGroupVC.xib */,
				AD96B23C1EF2214900773417 /* PayVC.swift */,
			);
			path = controller;
			sourceTree = "<group>";
		};
		AD96B23D1EF2214900773417 /* view */ = {
			isa = PBXGroup;
			children = (
				AD96B23E1EF2214900773417 /* dragView.h */,
				AD96B23F1EF2214900773417 /* dragView.m */,
				AD96B2401EF2214900773417 /* group */,
				AD96B2411EF2214900773417 /* headImg.h */,
				AD96B2421EF2214900773417 /* headImg.m */,
				AD96B2431EF2214900773417 /* NameButton.h */,
				AD96B2441EF2214900773417 /* NameButton.m */,
				AD96B2461EF2214900773417 /* NameInfoBar.swift */,
				AD96B2471EF2214900773417 /* NameInfoBar.xib */,
				AD96B2481EF2214900773417 /* popView.h */,
				AD96B2491EF2214900773417 /* popView.m */,
			);
			path = view;
			sourceTree = "<group>";
		};
		AD96B2401EF2214900773417 /* group */ = {
			isa = PBXGroup;
			children = (
			);
			path = group;
			sourceTree = "<group>";
		};
		AD96B2721EF2329B00773417 /* Frameworks */ = {
			isa = PBXGroup;
			children = (
				AD96B2731EF2329B00773417 /* libsqlite3.tbd */,
			);
			name = Frameworks;
			sourceTree = "<group>";
		};
/* End PBXGroup section */

/* Begin PBXNativeTarget section */
		AD96B1D11EF21DE300773417 /* nameMap */ = {
			isa = PBXNativeTarget;
			buildConfigurationList = AD96B1E91EF21DE300773417 /* Build configuration list for PBXNativeTarget "nameMap" */;
			buildPhases = (
				AD96B1CE1EF21DE300773417 /* Sources */,
				AD96B1CF1EF21DE300773417 /* Frameworks */,
				AD96B1D01EF21DE300773417 /* Resources */,
			);
			buildRules = (
			);
			dependencies = (
			);
			name = nameMap;
			productName = nameMap;
			productReference = AD96B1D21EF21DE300773417 /* nameMap.app */;
			productType = "com.apple.product-type.application";
		};
/* End PBXNativeTarget section */

/* Begin PBXProject section */
		AD96B1CA1EF21DE300773417 /* Project object */ = {
			isa = PBXProject;
			attributes = {
				LastUpgradeCheck = 0830;
				ORGANIZATIONNAME = zhangwenqiang;
				TargetAttributes = {
					AD96B1D11EF21DE300773417 = {
						CreatedOnToolsVersion = 8.3.3;
						DevelopmentTeam = 46SVHMGT9D;
						ProvisioningStyle = Automatic;
					};
				};
			};
			buildConfigurationList = AD96B1CD1EF21DE300773417 /* Build configuration list for PBXProject "nameMap" */;
			compatibilityVersion = "Xcode 3.2";
			developmentRegion = English;
			hasScannedForEncodings = 0;
			knownRegions = (
				en,
				Base,
				"zh-Hans",
			);
			mainGroup = AD96B1C91EF21DE300773417;
			productRefGroup = AD96B1D31EF21DE300773417 /* Products */;
			projectDirPath = "";
			projectRoot = "";
			targets = (
				AD96B1D11EF21DE300773417 /* nameMap */,
			);
		};
/* End PBXProject section */

/* Begin PBXResourcesBuildPhase section */
		AD96B1D01EF21DE300773417 /* Resources */ = {
			isa = PBXResourcesBuildPhase;
			buildActionMask = 2147483647;
			files = (
				AD96B2111EF2212000773417 /* staff.png in Resources */,
				AD96B1E51EF21DE300773417 /* LaunchScreen.storyboard in Resources */,
				AD96B20D1EF2212000773417 /* friends.png in Resources */,
				AD96B2171EF2212000773417 /* staffmale.png in Resources */,
				AD96B21E1EF2212000773417 /* rightArray.png in Resources */,
				AD96B2201EF2212000773417 /* WX.JPG in Resources */,
				AD96B2151EF2212000773417 /* search.jpg in Resources */,
				AD96B2161EF2212000773417 /* staffFemale.png in Resources */,
				AD96B20B1EF2212000773417 /* Localizable.strings in Resources */,
				AD96B2181EF2212000773417 /* add.png in Resources */,
				AD96B2121EF2212000773417 /* students.png in Resources */,
				AD96B25B1EF2214900773417 /* AllGroupVC.xib in Resources */,
				AD96B2661EF2214900773417 /* NameInfoBar.xib in Resources */,
				AD96B1E21EF21DE300773417 /* Assets.xcassets in Resources */,
				AD96B20F1EF2212000773417 /* icon.png in Resources */,
				AD96B2141EF2212000773417 /* male.png in Resources */,
				AD96B21A1EF2212000773417 /* drag.png in Resources */,
				AD96B21B1EF2212000773417 /* editInfo.png in Resources */,
				AD96B2191EF2212000773417 /* delete.png in Resources */,
				AD96B20E1EF2212000773417 /* group.png in Resources */,
				AD96B1E01EF21DE300773417 /* Main.storyboard in Resources */,
				AD96B21D1EF2212000773417 /* ok.png in Resources */,
				AD96B2101EF2212000773417 /* kinsman.png in Resources */,
				AD96B25F1EF2214900773417 /* newGroupVC.xib in Resources */,
				AD96B21F1EF2212000773417 /* setting.png in Resources */,
				AD96B2211EF2212000773417 /* zfb.JPG in Resources */,
				AD96B20C1EF2212000773417 /* Classroom.png in Resources */,
				AD96B21C1EF2212000773417 /* more.jpg in Resources */,
				AD96B25D1EF2214900773417 /* EditInfoVC.xib in Resources */,
				AD96B2131EF2212000773417 /* female.png in Resources */,
			);
			runOnlyForDeploymentPostprocessing = 0;
		};
/* End PBXResourcesBuildPhase section */

/* Begin PBXSourcesBuildPhase section */
		AD96B1CE1EF21DE300773417 /* Sources */ = {
			isa = PBXSourcesBuildPhase;
			buildActionMask = 2147483647;
			files = (
				AD96B2591EF2214900773417 /* LogicTools.swift in Sources */,
				AD96B2531EF2214900773417 /* databaseTool.m in Sources */,
				AD96B2671EF2214900773417 /* popView.m in Sources */,
				AD96B25C1EF2214900773417 /* EditInfoVC.swift in Sources */,
				AD96B2621EF2214900773417 /* headImg.m in Sources */,
				AD96B2581EF2214900773417 /* contactTools.swift in Sources */,
				AD96B26C1EF2214900773417 /* ZwqTools.m in Sources */,
				AD96B1DD1EF21DE300773417 /* ViewController.m in Sources */,
				AD96B2631EF2214900773417 /* NameButton.m in Sources */,
				AD96B26B1EF2214900773417 /* ZwqStaffArea.m in Sources */,
				AD96B2691EF2214900773417 /* zwqFileList.m in Sources */,
				AD96B1DA1EF21DE300773417 /* AppDelegate.m in Sources */,
				AD96B2651EF2214900773417 /* NameInfoBar.swift in Sources */,
				AD96B1D71EF21DE300773417 /* main.m in Sources */,
				AD96B2601EF2214900773417 /* PayVC.swift in Sources */,
				AD96B26A1EF2214900773417 /* ZwqScrollArea.m in Sources */,
				AD96B25A1EF2214900773417 /* AllGroupVC.swift in Sources */,
				AD96B2561EF2214900773417 /* CCZSpreadButton.m in Sources */,
				AD96B2551EF2214900773417 /* userData.m in Sources */,
				AD96B2611EF2214900773417 /* dragView.m in Sources */,
				AD96B25E1EF2214900773417 /* newGroupVC.swift in Sources */,
				AD96B2571EF2214900773417 /* CCZSpreadComponentry.m in Sources */,
				AD96B2541EF2214900773417 /* Tools.swift in Sources */,
			);
			runOnlyForDeploymentPostprocessing = 0;
		};
/* End PBXSourcesBuildPhase section */

/* Begin PBXVariantGroup section */
		AD96B1DE1EF21DE300773417 /* Main.storyboard */ = {
			isa = PBXVariantGroup;
			children = (
				AD96B1DF1EF21DE300773417 /* Base */,
			);
			name = Main.storyboard;
			sourceTree = "<group>";
		};
		AD96B1E31EF21DE300773417 /* LaunchScreen.storyboard */ = {
			isa = PBXVariantGroup;
			children = (
				AD96B1E41EF21DE300773417 /* Base */,
			);
			name = LaunchScreen.storyboard;
			sourceTree = "<group>";
		};
		AD96B1ED1EF2212000773417 /* Localizable.strings */ = {
			isa = PBXVariantGroup;
			children = (
				AD96B1EE1EF2212000773417 /* en */,
				AD96B20A1EF2212000773417 /* zh-Hans */,
			);
			name = Localizable.strings;
			sourceTree = "<group>";
		};
/* End PBXVariantGroup section */

/* Begin XCBuildConfiguration section */
		AD96B1E71EF21DE300773417 /* Debug */ = {
			isa = XCBuildConfiguration;
			buildSettings = {
				ALWAYS_SEARCH_USER_PATHS = NO;
				CLANG_ANALYZER_NONNULL = YES;
				CLANG_ANALYZER_NUMBER_OBJECT_CONVERSION = YES_AGGRESSIVE;
				CLANG_CXX_LANGUAGE_STANDARD = "gnu++0x";
				CLANG_CXX_LIBRARY = "libc++";
				CLANG_ENABLE_MODULES = YES;
				CLANG_ENABLE_OBJC_ARC = YES;
				CLANG_WARN_BOOL_CONVERSION = YES;
				CLANG_WARN_CONSTANT_CONVERSION = YES;
				CLANG_WARN_DIRECT_OBJC_ISA_USAGE = YES_ERROR;
				CLANG_WARN_DOCUMENTATION_COMMENTS = YES;
				CLANG_WARN_EMPTY_BODY = YES;
				CLANG_WARN_ENUM_CONVERSION = YES;
				CLANG_WARN_INFINITE_RECURSION = YES;
				CLANG_WARN_INT_CONVERSION = YES;
				CLANG_WARN_OBJC_ROOT_CLASS = YES_ERROR;
				CLANG_WARN_SUSPICIOUS_MOVE = YES;
				CLANG_WARN_UNREACHABLE_CODE = YES;
				CLANG_WARN__DUPLICATE_METHOD_MATCH = YES;
				"CODE_SIGN_IDENTITY[sdk=iphoneos*]" = "iPhone Developer";
				COPY_PHASE_STRIP = NO;
				DEBUG_INFORMATION_FORMAT = dwarf;
				ENABLE_STRICT_OBJC_MSGSEND = YES;
				ENABLE_TESTABILITY = YES;
				GCC_C_LANGUAGE_STANDARD = gnu99;
				GCC_DYNAMIC_NO_PIC = NO;
				GCC_NO_COMMON_BLOCKS = YES;
				GCC_OPTIMIZATION_LEVEL = 0;
				GCC_PREPROCESSOR_DEFINITIONS = (
					"DEBUG=1",
					"$(inherited)",
				);
				GCC_WARN_64_TO_32_BIT_CONVERSION = YES;
				GCC_WARN_ABOUT_RETURN_TYPE = YES_ERROR;
				GCC_WARN_UNDECLARED_SELECTOR = YES;
				GCC_WARN_UNINITIALIZED_AUTOS = YES_AGGRESSIVE;
				GCC_WARN_UNUSED_FUNCTION = YES;
				GCC_WARN_UNUSED_VARIABLE = YES;
				IPHONEOS_DEPLOYMENT_TARGET = 10.3;
				MTL_ENABLE_DEBUG_INFO = YES;
				ONLY_ACTIVE_ARCH = YES;
				SDKROOT = iphoneos;
				TARGETED_DEVICE_FAMILY = "1,2";
			};
			name = Debug;
		};
		AD96B1E81EF21DE300773417 /* Release */ = {
			isa = XCBuildConfiguration;
			buildSettings = {
				ALWAYS_SEARCH_USER_PATHS = NO;
				CLANG_ANALYZER_NONNULL = YES;
				CLANG_ANALYZER_NUMBER_OBJECT_CONVERSION = YES_AGGRESSIVE;
				CLANG_CXX_LANGUAGE_STANDARD = "gnu++0x";
				CLANG_CXX_LIBRARY = "libc++";
				CLANG_ENABLE_MODULES = YES;
				CLANG_ENABLE_OBJC_ARC = YES;
				CLANG_WARN_BOOL_CONVERSION = YES;
				CLANG_WARN_CONSTANT_CONVERSION = YES;
				CLANG_WARN_DIRECT_OBJC_ISA_USAGE = YES_ERROR;
				CLANG_WARN_DOCUMENTATION_COMMENTS = YES;
				CLANG_WARN_EMPTY_BODY = YES;
				CLANG_WARN_ENUM_CONVERSION = YES;
				CLANG_WARN_INFINITE_RECURSION = YES;
				CLANG_WARN_INT_CONVERSION = YES;
				CLANG_WARN_OBJC_ROOT_CLASS = YES_ERROR;
				CLANG_WARN_SUSPICIOUS_MOVE = YES;
				CLANG_WARN_UNREACHABLE_CODE = YES;
				CLANG_WARN__DUPLICATE_METHOD_MATCH = YES;
				"CODE_SIGN_IDENTITY[sdk=iphoneos*]" = "iPhone Developer";
				COPY_PHASE_STRIP = NO;
				DEBUG_INFORMATION_FORMAT = "dwarf-with-dsym";
				ENABLE_NS_ASSERTIONS = NO;
				ENABLE_STRICT_OBJC_MSGSEND = YES;
				GCC_C_LANGUAGE_STANDARD = gnu99;
				GCC_NO_COMMON_BLOCKS = YES;
				GCC_WARN_64_TO_32_BIT_CONVERSION = YES;
				GCC_WARN_ABOUT_RETURN_TYPE = YES_ERROR;
				GCC_WARN_UNDECLARED_SELECTOR = YES;
				GCC_WARN_UNINITIALIZED_AUTOS = YES_AGGRESSIVE;
				GCC_WARN_UNUSED_FUNCTION = YES;
				GCC_WARN_UNUSED_VARIABLE = YES;
				IPHONEOS_DEPLOYMENT_TARGET = 10.3;
				MTL_ENABLE_DEBUG_INFO = NO;
				SDKROOT = iphoneos;
				TARGETED_DEVICE_FAMILY = "1,2";
				VALIDATE_PRODUCT = YES;
			};
			name = Release;
		};
		AD96B1EA1EF21DE300773417 /* Debug */ = {
			isa = XCBuildConfiguration;
			buildSettings = {
				ASSETCATALOG_COMPILER_APPICON_NAME = AppIcon;
				DEFINES_MODULE = YES;
				DEVELOPMENT_TEAM = 46SVHMGT9D;
				GCC_PREFIX_HEADER = "$(SRCROOT)/nameMap/PrefixHeader.pch";
				INFOPLIST_FILE = nameMap/Info.plist;
				LD_RUNPATH_SEARCH_PATHS = "$(inherited) @executable_path/Frameworks";
				PRODUCT_BUNDLE_IDENTIFIER = com.zwq.nameMap;
				PRODUCT_NAME = "$(TARGET_NAME)";
				SWIFT_OBJC_BRIDGING_HEADER = "nameMap/globalClass/nameMap-Bridging-Header.h";
				SWIFT_VERSION = 3.0;
			};
			name = Debug;
		};
		AD96B1EB1EF21DE300773417 /* Release */ = {
			isa = XCBuildConfiguration;
			buildSettings = {
				ASSETCATALOG_COMPILER_APPICON_NAME = AppIcon;
				DEFINES_MODULE = YES;
				DEVELOPMENT_TEAM = 46SVHMGT9D;
				GCC_PREFIX_HEADER = "$(SRCROOT)/nameMap/PrefixHeader.pch";
				INFOPLIST_FILE = nameMap/Info.plist;
				LD_RUNPATH_SEARCH_PATHS = "$(inherited) @executable_path/Frameworks";
				PRODUCT_BUNDLE_IDENTIFIER = com.zwq.nameMap;
				PRODUCT_NAME = "$(TARGET_NAME)";
				SWIFT_OBJC_BRIDGING_HEADER = "nameMap/globalClass/nameMap-Bridging-Header.h";
				SWIFT_VERSION = 3.0;
			};
			name = Release;
		};
/* End XCBuildConfiguration section */

/* Begin XCConfigurationList section */
		AD96B1CD1EF21DE300773417 /* Build configuration list for PBXProject "nameMap" */ = {
			isa = XCConfigurationList;
			buildConfigurations = (
				AD96B1E71EF21DE300773417 /* Debug */,
				AD96B1E81EF21DE300773417 /* Release */,
			);
			defaultConfigurationIsVisible = 0;
			defaultConfigurationName = Release;
		};
		AD96B1E91EF21DE300773417 /* Build configuration list for PBXNativeTarget "nameMap" */ = {
			isa = XCConfigurationList;
			buildConfigurations = (
				AD96B1EA1EF21DE300773417 /* Debug */,
				AD96B1EB1EF21DE300773417 /* Release */,
			);
			defaultConfigurationIsVisible = 0;
			defaultConfigurationName = Release;
		};
/* End XCConfigurationList section */
	};
	rootObject = AD96B1CA1EF21DE300773417 /* Project object */;
}
